<Solution>
  <Folder Name="/DLQ/">
    <Project Path="DLQ/RabbitMqPractices.DLQ/RabbitMqPractices.DLQ.csproj" Id="8129b925-e669-46d6-9a3e-8f7f4e2269f1" />
  </Folder>
  <Folder Name="/SolutionItems/">
    <File Path="docker-compose.yml" />
  </Folder>
  <Folder Name="/Streaming/">
    <Project Path="RabbitMqPractices.Stream.Consumer/RabbitMqPractices.Stream.Consumer.csproj" />
    <Project Path="RabbitMqPractices.Stream.Producer/RabbitMqPractices.Stream.Producer.csproj" />
  </Folder>
  <Folder Name="/SuperStream/">
    <File Path="README.md" />
    <Project Path="src/MetaWebhook.Shared/MetaWebhook.Shared.csproj" />
    <Project Path="src/MetaWebhookPublisher.Console/MetaWebhookPublisher.Console.csproj" />
    <Project Path="src/MetaWebhookSubscriber.Console/MetaWebhookSubscriber.Console.csproj" />
  </Folder>
  <Project Path="RabbitMqPractices.Shared/RabbitMqPractices.Shared.csproj" />
</Solution>
