<Solution>
  <Folder Name="/BuildingBlocks/">
    <Project Path="src\BuildingBlocks\BuildingBlocks.SharedKernel\BuildingBlocks.SharedKernel.csproj" />
    <Project Path="src\BuildingBlocks\BuildingBlocks.Utils\BuildingBlocks.Utils.csproj" />
  </Folder>
  <Folder Name="/SolutionItems/">
    <File Path="assets\grafana-dashboard-api.json" />
    <File Path="docker-compose.yml" />
    <File Path="loki-config.yaml" />
  </Folder>
  <Project Path="src/BuildingBlocks.UnitTests/BuildingBlocks.UnitTests.csproj" />
  <Project Path="src/MyProject.WebApi.Tests/MyProject.WebApi.Tests.csproj" />
  <Project Path="src/MyProject.WebApi/MyProject.WebApi.csproj" />
</Solution>
